<?xml version="1.0" encoding="utf-8"?>
<Project ToolsVersion="4.0" xmlns="http://schemas.microsoft.com/developer/msbuild/2003">
  <ItemGroup>
    <Filter Include="Source Files">
      <UniqueIdentifier>{4FC737F1-C7A5-4376-A066-2A32D752A2FF}</UniqueIdentifier>
      <Extensions>cpp;c;cc;cxx;c++;cppm;ixx;def;odl;idl;hpj;bat;asm;asmx</Extensions>
    </Filter>
    <Filter Include="Header Files">
      <UniqueIdentifier>{93995380-89BD-4b04-88EB-625FBE52EBFB}</UniqueIdentifier>
      <Extensions>h;hh;hpp;hxx;h++;hm;inl;inc;ipp;xsd</Extensions>
    </Filter>
    <Filter Include="Resource Files">
      <UniqueIdentifier>{67DA6AB6-F800-4c08-8B7A-83BB121AAD01}</UniqueIdentifier>
      <Extensions>rc;ico;cur;bmp;dlg;rc2;rct;bin;rgs;gif;jpg;jpeg;jpe;resx;tiff;tif;png;wav;mfcribbon-ms</Extensions>
    </Filter>
  </ItemGroup>
  <ItemGroup>
    <ClInclude Include="valve\client\animation_layer.h">
      <Filter>Header Files</Filter>
    </ClInclude>
    <ClInclude Include="valve\client\base_animating.h">
      <Filter>Header Files</Filter>
    </ClInclude>
    <ClInclude Include="valve\client\base_combat_character.h">
      <Filter>Header Files</Filter>
    </ClInclude>
    <ClInclude Include="valve\client\base_entity.h">
      <Filter>Header Files</Filter>
    </ClInclude>
    <ClInclude Include="valve\client\base_player.h">
      <Filter>Header Files</Filter>
    </ClInclude>
    <ClInclude Include="valve\client\client.h">
      <Filter>Header Files</Filter>
    </ClInclude>
    <ClInclude Include="valve\client\client_input.h">
      <Filter>Header Files</Filter>
    </ClInclude>
    <ClInclude Include="valve\client\cs_player.h">
      <Filter>Header Files</Filter>
    </ClInclude>
    <ClInclude Include="valve\client\net_graph_panel.h">
      <Filter>Header Files</Filter>
    </ClInclude>
    <ClInclude Include="valve\client\weapon_cs_base.h">
      <Filter>Header Files</Filter>
    </ClInclude>
    <ClInclude Include="valve\data_cache\data_cache.h">
      <Filter>Header Files</Filter>
    </ClInclude>
    <ClInclude Include="valve\data_cache\mdl_cache.h">
      <Filter>Header Files</Filter>
    </ClInclude>
    <ClInclude Include="valve\detour\detour.h">
      <Filter>Header Files</Filter>
    </ClInclude>
    <ClInclude Include="valve\engine\debug_overlay.h">
      <Filter>Header Files</Filter>
    </ClInclude>
    <ClInclude Include="valve\engine\engine.h">
      <Filter>Header Files</Filter>
    </ClInclude>
    <ClInclude Include="valve\engine\vgui_baseui.h">
      <Filter>Header Files</Filter>
    </ClInclude>
    <ClInclude Include="valve\interfaces\interfaces.h">
      <Filter>Header Files</Filter>
    </ClInclude>
    <ClInclude Include="valve\material_system\material.h">
      <Filter>Header Files</Filter>
    </ClInclude>
    <ClInclude Include="valve\material_system\material_system.h">
      <Filter>Header Files</Filter>
    </ClInclude>
    <ClInclude Include="valve\mathlib\mathlib.h">
      <Filter>Header Files</Filter>
    </ClInclude>
    <ClInclude Include="valve\mathlib\mathlib_base.h">
      <Filter>Header Files</Filter>
    </ClInclude>
    <ClInclude Include="valve\netvars\netvars.h">
      <Filter>Header Files</Filter>
    </ClInclude>
    <ClInclude Include="valve\shared\csgo_player_anim_state.h">
      <Filter>Header Files</Filter>
    </ClInclude>
    <ClInclude Include="valve\shared\in_buttons.h">
      <Filter>Header Files</Filter>
    </ClInclude>
    <ClInclude Include="valve\shared\shared.h">
      <Filter>Header Files</Filter>
    </ClInclude>
    <ClInclude Include="valve\shared\user_cmd.h">
      <Filter>Header Files</Filter>
    </ClInclude>
    <ClInclude Include="valve\signatures\signatures.h">
      <Filter>Header Files</Filter>
    </ClInclude>
    <ClInclude Include="valve\studio_render\studio_render.h">
      <Filter>Header Files</Filter>
    </ClInclude>
    <ClInclude Include="valve\studio_render\studio_render_context.h">
      <Filter>Header Files</Filter>
    </ClInclude>
    <ClInclude Include="valve\tier1\interface.h">
      <Filter>Header Files</Filter>
    </ClInclude>
    <ClInclude Include="valve\tier1\localize.h">
      <Filter>Header Files</Filter>
    </ClInclude>
    <ClInclude Include="valve\tier1\tier1.h">
      <Filter>Header Files</Filter>
    </ClInclude>
    <ClInclude Include="valve\vgui\surface.h">
      <Filter>Header Files</Filter>
    </ClInclude>
    <ClInclude Include="valve\vgui\vgui.h">
      <Filter>Header Files</Filter>
    </ClInclude>
    <ClInclude Include="valve\cdll_int.h">
      <Filter>Header Files</Filter>
    </ClInclude>
    <ClInclude Include="valve\client_class.h">
      <Filter>Header Files</Filter>
    </ClInclude>
    <ClInclude Include="valve\client_entity_list.h">
      <Filter>Header Files</Filter>
    </ClInclude>
    <ClInclude Include="valve\client_networkable.h">
      <Filter>Header Files</Filter>
    </ClInclude>
    <ClInclude Include="valve\client_renderable.h">
      <Filter>Header Files</Filter>
    </ClInclude>
    <ClInclude Include="valve\dt_common.h">
      <Filter>Header Files</Filter>
    </ClInclude>
    <ClInclude Include="valve\dt_recv.h">
      <Filter>Header Files</Filter>
    </ClInclude>
    <ClInclude Include="valve\engine_vgui.h">
      <Filter>Header Files</Filter>
    </ClInclude>
    <ClInclude Include="valve\global_vars_base.h">
      <Filter>Header Files</Filter>
    </ClInclude>
    <ClInclude Include="valve\studio.h">
      <Filter>Header Files</Filter>
    </ClInclude>
    <ClInclude Include="valve\valve.h">
      <Filter>Header Files</Filter>
    </ClInclude>
    <ClInclude Include="other\color\color.h">
      <Filter>Header Files</Filter>
    </ClInclude>
    <ClInclude Include="other\console\console.h">
      <Filter>Header Files</Filter>
    </ClInclude>
    <ClInclude Include="other\easing\easing.h">
      <Filter>Header Files</Filter>
    </ClInclude>
    <ClInclude Include="other\hash\hash.h">
      <Filter>Header Files</Filter>
    </ClInclude>
    <ClInclude Include="other\math\q_angle.h">
      <Filter>Header Files</Filter>
    </ClInclude>
    <ClInclude Include="other\math\vector_3d.h">
      <Filter>Header Files</Filter>
    </ClInclude>
    <ClInclude Include="other\memory\address.h">
      <Filter>Header Files</Filter>
    </ClInclude>
    <ClInclude Include="other\memory\stack.h">
      <Filter>Header Files</Filter>
    </ClInclude>
    <ClInclude Include="other\pe\pe.h">
      <Filter>Header Files</Filter>
    </ClInclude>
    <ClInclude Include="other\utils\utils.h">
      <Filter>Header Files</Filter>
    </ClInclude>
    <ClInclude Include="other\other.h">
      <Filter>Header Files</Filter>
    </ClInclude>
    <ClInclude Include="other\math\vector_2d.h">
      <Filter>Header Files</Filter>
    </ClInclude>
    <ClInclude Include="valve\mathlib\matrix.h">
      <Filter>Header Files</Filter>
    </ClInclude>
    <ClInclude Include="valve\view_shared.h">
      <Filter>Header Files</Filter>
    </ClInclude>
    <ClInclude Include="other\math\math.h">
      <Filter>Header Files</Filter>
    </ClInclude>
    <ClInclude Include="valve\input_system\input_system.h">
      <Filter>Header Files</Filter>
    </ClInclude>
    <ClInclude Include="valve\shared\cs_gamerules.h">
      <Filter>Header Files</Filter>
    </ClInclude>
    <ClInclude Include="other\module\module.h">
      <Filter>Header Files</Filter>
    </ClInclude>
    <ClInclude Include="valve\engine\client.h">
      <Filter>Header Files</Filter>
    </ClInclude>
    <ClInclude Include="valve\engine\clockdriftmgr.h">
      <Filter>Header Files</Filter>
    </ClInclude>
    <ClInclude Include="valve\tier0\tier0.h">
      <Filter>Header Files</Filter>
    </ClInclude>
    <ClInclude Include="valve\tier0\mem_alloc.h">
      <Filter>Header Files</Filter>
    </ClInclude>
    <ClInclude Include="valve\tier1\bitbuf.h">
      <Filter>Header Files</Filter>
    </ClInclude>
    <ClInclude Include="valve\net_channel.h">
      <Filter>Header Files</Filter>
    </ClInclude>
    <ClInclude Include="cheat\features\legitbot\legitbot.h">
      <Filter>Header Files</Filter>
    </ClInclude>
    <ClInclude Include="cheat\features\misc\misc.h">
      <Filter>Header Files</Filter>
    </ClInclude>
    <ClInclude Include="cheat\features\visuals\visuals.h">
      <Filter>Header Files</Filter>
    </ClInclude>
    <ClInclude Include="cheat\features\features.h">
      <Filter>Header Files</Filter>
    </ClInclude>
    <ClInclude Include="cheat\features\globals.h">
      <Filter>Header Files</Filter>
    </ClInclude>
    <ClInclude Include="cheat\hooked\hooked.h">
      <Filter>Header Files</Filter>
    </ClInclude>
    <ClInclude Include="cheat\input\input.h">
      <Filter>Header Files</Filter>
    </ClInclude>
    <ClInclude Include="cheat\menu\gui\widgets\box\box.h">
      <Filter>Header Files</Filter>
    </ClInclude>
    <ClInclude Include="cheat\menu\gui\widgets\checkbox\checkbox.h">
      <Filter>Header Files</Filter>
    </ClInclude>
    <ClInclude Include="cheat\menu\gui\widgets\color_picker\color_picker.h">
      <Filter>Header Files</Filter>
    </ClInclude>
    <ClInclude Include="cheat\menu\gui\widgets\container\container.h">
      <Filter>Header Files</Filter>
    </ClInclude>
    <ClInclude Include="cheat\menu\gui\widgets\key_binder\key_binder.h">
      <Filter>Header Files</Filter>
    </ClInclude>
    <ClInclude Include="cheat\menu\gui\widgets\slider\slider.h">
      <Filter>Header Files</Filter>
    </ClInclude>
    <ClInclude Include="cheat\menu\gui\widgets\tab_panel\tab_panel.h">
      <Filter>Header Files</Filter>
    </ClInclude>
    <ClInclude Include="cheat\menu\gui\widgets\widgets.h">
      <Filter>Header Files</Filter>
    </ClInclude>
    <ClInclude Include="cheat\menu\gui\builder.h">
      <Filter>Header Files</Filter>
    </ClInclude>
    <ClInclude Include="cheat\menu\gui\definitions.h">
      <Filter>Header Files</Filter>
    </ClInclude>
    <ClInclude Include="cheat\menu\menu.h">
      <Filter>Header Files</Filter>
    </ClInclude>
    <ClInclude Include="cheat\render\render.h">
      <Filter>Header Files</Filter>
    </ClInclude>
    <ClInclude Include="cheat\cheat.h">
      <Filter>Header Files</Filter>
    </ClInclude>
  </ItemGroup>
  <ItemGroup>
    <ClCompile Include="valve\detour\detour.cpp">
      <Filter>Source Files</Filter>
    </ClCompile>
    <ClCompile Include="valve\interfaces\interfaces.cpp">
      <Filter>Source Files</Filter>
    </ClCompile>
    <ClCompile Include="valve\netvars\netvars.cpp">
      <Filter>Source Files</Filter>
    </ClCompile>
    <ClCompile Include="valve\signatures\signatures.cpp">
      <Filter>Source Files</Filter>
    </ClCompile>
    <ClCompile Include="other\console\console.cpp">
      <Filter>Source Files</Filter>
    </ClCompile>
    <ClCompile Include="other\hash\hash.cpp">
      <Filter>Source Files</Filter>
    </ClCompile>
    <ClCompile Include="other\pe\pe.cpp">
      <Filter>Source Files</Filter>
    </ClCompile>
    <ClCompile Include="other\utils\utils.cpp">
      <Filter>Source Files</Filter>
    </ClCompile>
    <ClCompile Include="other\math\math.cpp">
      <Filter>Source Files</Filter>
    </ClCompile>
    <ClCompile Include="other\module\module.cpp">
      <Filter>Source Files</Filter>
    </ClCompile>
    <ClCompile Include="cheat\features\legitbot\legitbot.cpp">
      <Filter>Source Files</Filter>
    </ClCompile>
    <ClCompile Include="cheat\features\misc\misc.cpp">
      <Filter>Source Files</Filter>
    </ClCompile>
    <ClCompile Include="cheat\features\visuals\visuals.cpp">
      <Filter>Source Files</Filter>
    </ClCompile>
    <ClCompile Include="cheat\hooked\functions\cdll_client.cpp">
      <Filter>Source Files</Filter>
    </ClCompile>
    <ClCompile Include="cheat\hooked\functions\cl_main.cpp">
      <Filter>Source Files</Filter>
    </ClCompile>
    <ClCompile Include="cheat\hooked\functions\client_input.cpp">
      <Filter>Source Files</Filter>
    </ClCompile>
    <ClCompile Include="cheat\hooked\functions\client_mode_shared.cpp">
      <Filter>Source Files</Filter>
    </ClCompile>
    <ClCompile Include="cheat\hooked\functions\csgo_player_anim_state.cpp">
      <Filter>Source Files</Filter>
    </ClCompile>
    <ClCompile Include="cheat\hooked\functions\mat_system_surface.cpp">
      <Filter>Source Files</Filter>
    </ClCompile>
    <ClCompile Include="cheat\hooked\functions\scheme_manager.cpp">
      <Filter>Source Files</Filter>
    </ClCompile>
    <ClCompile Include="cheat\hooked\functions\studio_render.cpp">
      <Filter>Source Files</Filter>
    </ClCompile>
    <ClCompile Include="cheat\hooked\functions\vgui_baseui.cpp">
      <Filter>Source Files</Filter>
    </ClCompile>
    <ClCompile Include="cheat\hooked\functions\weapon_cs_base.cpp">
      <Filter>Source Files</Filter>
    </ClCompile>
    <ClCompile Include="cheat\hooked\hooked.cpp">
      <Filter>Source Files</Filter>
    </ClCompile>
    <ClCompile Include="cheat\input\input.cpp">
      <Filter>Source Files</Filter>
    </ClCompile>
    <ClCompile Include="cheat\menu\gui\widgets\box\box.cpp">
      <Filter>Source Files</Filter>
    </ClCompile>
    <ClCompile Include="cheat\menu\gui\widgets\checkbox\checkbox.cpp">
      <Filter>Source Files</Filter>
    </ClCompile>
    <ClCompile Include="cheat\menu\gui\widgets\color_picker\color_picker.cpp">
      <Filter>Source Files</Filter>
    </ClCompile>
    <ClCompile Include="cheat\menu\gui\widgets\container\container.cpp">
      <Filter>Source Files</Filter>
    </ClCompile>
    <ClCompile Include="cheat\menu\gui\widgets\key_binder\key_binder.cpp">
      <Filter>Source Files</Filter>
    </ClCompile>
    <ClCompile Include="cheat\menu\gui\widgets\slider\slider.cpp">
      <Filter>Source Files</Filter>
    </ClCompile>
    <ClCompile Include="cheat\menu\gui\widgets\tab_panel\tab_panel.cpp">
      <Filter>Source Files</Filter>
    </ClCompile>
    <ClCompile Include="cheat\menu\gui\widgets\widgets.cpp">
      <Filter>Source Files</Filter>
    </ClCompile>
    <ClCompile Include="cheat\menu\menu.cpp">
      <Filter>Source Files</Filter>
    </ClCompile>
    <ClCompile Include="cheat\render\render.cpp">
      <Filter>Source Files</Filter>
    </ClCompile>
    <ClCompile Include="cheat\cheat.cpp">
      <Filter>Source Files</Filter>
    </ClCompile>
    <ClCompile Include="cheat\dllmain.cpp">
      <Filter>Source Files</Filter>
    </ClCompile>
  </ItemGroup>
</Project>